
Microsoft Visual Studio Solution File, Format Version 12.00
# Visual Studio Version 17
VisualStudioVersion = 17.13.35913.81 d17.13
MinimumVisualStudioVersion = 10.0.40219.1
Project("{FAE04EC0-301F-11D3-BF4B-00C04F79EFBC}") = "Assign4", "Assign4\Assign4.csproj", "{56F44E46-DE87-4268-848F-D812F99134AF}"
EndProject
Global
	GlobalSection(SolutionConfigurationPlatforms) = preSolution
		Debug|Any CPU = Debug|Any CPU
		Release|Any CPU = Release|Any CPU
	EndGlobalSection
	GlobalSection(ProjectConfigurationPlatforms) = postSolution
		{56F44E46-DE87-4268-848F-D812F99134AF}.Debug|Any CPU.ActiveCfg = Debug|Any CPU
		{56F44E46-DE87-4268-848F-D812F99134AF}.Debug|Any CPU.Build.0 = Debug|Any CPU
		{56F44E46-DE87-4268-848F-D812F99134AF}.Release|Any CPU.ActiveCfg = Release|Any CPU
		{56F44E46-DE87-4268-848F-D812F99134AF}.Release|Any CPU.Build.0 = Release|Any CPU
	EndGlobalSection
	GlobalSection(SolutionProperties) = preSolution
		HideSolutionNode = FALSE
	EndGlobalSection
	GlobalSection(ExtensibilityGlobals) = postSolution
		SolutionGuid = {0EC38878-8812-4175-A446-5556288A32D4}
	EndGlobalSection
EndGlobal
